
Microsoft Visual Studio Solution File, Format Version 12.00
# Visual Studio Version 17
VisualStudioVersion = 17.1.32407.343
MinimumVisualStudioVersion = 10.0.40219.1
Project("{FAE04EC0-301F-11D3-BF4B-00C04F79EFBC}") = "HardwareInformation", "HardwareInformation\HardwareInformation.csproj", "{A7AFE7A2-F74A-400E-9DFA-02BC6A8E4F9B}"
EndProject
Global
	GlobalSection(SolutionConfigurationPlatforms) = preSolution
		Debug|Any CPU = Debug|Any CPU
		Debug|x86 = Debug|x86
		Release|Any CPU = Release|Any CPU
		Release|x86 = Release|x86
	EndGlobalSection
	GlobalSection(ProjectConfigurationPlatforms) = postSolution
		{A7AFE7A2-F74A-400E-9DFA-02BC6A8E4F9B}.Debug|Any CPU.ActiveCfg = Debug|Any CPU
		{A7AFE7A2-F74A-400E-9DFA-02BC6A8E4F9B}.Debug|Any CPU.Build.0 = Debug|Any CPU
		{A7AFE7A2-F74A-400E-9DFA-02BC6A8E4F9B}.Debug|x86.ActiveCfg = Debug|Any CPU
		{A7AFE7A2-F74A-400E-9DFA-02BC6A8E4F9B}.Debug|x86.Build.0 = Debug|Any CPU
		{A7AFE7A2-F74A-400E-9DFA-02BC6A8E4F9B}.Release|Any CPU.ActiveCfg = Release|Any CPU
		{A7AFE7A2-F74A-400E-9DFA-02BC6A8E4F9B}.Release|Any CPU.Build.0 = Release|Any CPU
		{A7AFE7A2-F74A-400E-9DFA-02BC6A8E4F9B}.Release|x86.ActiveCfg = Release|x86
		{A7AFE7A2-F74A-400E-9DFA-02BC6A8E4F9B}.Release|x86.Build.0 = Release|x86
	EndGlobalSection
	GlobalSection(SolutionProperties) = preSolution
		HideSolutionNode = FALSE
	EndGlobalSection
	GlobalSection(ExtensibilityGlobals) = postSolution
		SolutionGuid = {BC50868C-29BC-4F12-AABC-599CE1C5CB6D}
	EndGlobalSection
EndGlobal
